// !$*UTF8*$!
{
	archiveVersion = 1;
	classes = {
	};
	objectVersion = 56;
	objects = {

/* Begin PBXBuildFile section */
		6B1FAC9029920D040068C408 /* NavigationViewController.swift in Sources */ = {isa = PBXBuildFile; fileRef = 6B1FAC8F29920D040068C408 /* NavigationViewController.swift */; };
		6B1FAC94299216400068C408 /* SearchTitleView.swift in Sources */ = {isa = PBXBuildFile; fileRef = 6B1FAC93299216400068C408 /* SearchTitleView.swift */; };
		6B40C6FA2992DB390048827D /* ItemCollectionViewCell.swift in Sources */ = {isa = PBXBuildFile; fileRef = 6B40C6F92992DB390048827D /* ItemCollectionViewCell.swift */; };
		6B5FAAEC2992040D0058733C /* AppDelegate.swift in Sources */ = {isa = PBXBuildFile; fileRef = 6B5FAAEB2992040D0058733C /* AppDelegate.swift */; };
		6B5FAAF52992040E0058733C /* Assets.xcassets in Resources */ = {isa = PBXBuildFile; fileRef = 6B5FAAF42992040E0058733C /* Assets.xcassets */; };
		6B5FAAF82992040E0058733C /* LaunchScreen.storyboard in Resources */ = {isa = PBXBuildFile; fileRef = 6B5FAAF62992040E0058733C /* LaunchScreen.storyboard */; };
		6B5FAB032992040E0058733C /* EbisconTaskTests.swift in Sources */ = {isa = PBXBuildFile; fileRef = 6B5FAB022992040E0058733C /* EbisconTaskTests.swift */; };
		6B5FAB0D2992040E0058733C /* EbisconTaskUITests.swift in Sources */ = {isa = PBXBuildFile; fileRef = 6B5FAB0C2992040E0058733C /* EbisconTaskUITests.swift */; };
		6B5FAB0F2992040E0058733C /* EbisconTaskUITestsLaunchTests.swift in Sources */ = {isa = PBXBuildFile; fileRef = 6B5FAB0E2992040E0058733C /* EbisconTaskUITestsLaunchTests.swift */; };
		6B5FAB1C2992048B0058733C /* DiscoveryViewController.swift in Sources */ = {isa = PBXBuildFile; fileRef = 6B5FAB1B2992048B0058733C /* DiscoveryViewController.swift */; };
		6BED511F2994E45C00168C9B /* CategoryCollectionViewCell.swift in Sources */ = {isa = PBXBuildFile; fileRef = 6BED511E2994E45C00168C9B /* CategoryCollectionViewCell.swift */; };
		6BED5121299515BC00168C9B /* SortMethodCollectionViewCell.swift in Sources */ = {isa = PBXBuildFile; fileRef = 6BED5120299515BC00168C9B /* SortMethodCollectionViewCell.swift */; };
		6BED512329954AA300168C9B /* FilterHeaderView.swift in Sources */ = {isa = PBXBuildFile; fileRef = 6BED512229954AA300168C9B /* FilterHeaderView.swift */; };
		6BED512829964F9B00168C9B /* ProductDetailViewController.swift in Sources */ = {isa = PBXBuildFile; fileRef = 6BED512729964F9B00168C9B /* ProductDetailViewController.swift */; };
		6BED512A2996521C00168C9B /* ProductDetailView.swift in Sources */ = {isa = PBXBuildFile; fileRef = 6BED51292996521C00168C9B /* ProductDetailView.swift */; };
		6BED512C2996564300168C9B /* ProductImageCollectionViewCell.swift in Sources */ = {isa = PBXBuildFile; fileRef = 6BED512B2996564300168C9B /* ProductImageCollectionViewCell.swift */; };
		6BED512E2996713A00168C9B /* ProductRealmStore.swift in Sources */ = {isa = PBXBuildFile; fileRef = 6BED512D2996713A00168C9B /* ProductRealmStore.swift */; };
		6BED51302996793500168C9B /* CollectionViewHeader.swift in Sources */ = {isa = PBXBuildFile; fileRef = 6BED512F2996793500168C9B /* CollectionViewHeader.swift */; };
		6BF021252993A0DD005B62BE /* Product.swift in Sources */ = {isa = PBXBuildFile; fileRef = 6BF021242993A0DD005B62BE /* Product.swift */; };
		6BF021272993A0EA005B62BE /* Rating.swift in Sources */ = {isa = PBXBuildFile; fileRef = 6BF021262993A0EA005B62BE /* Rating.swift */; };
		6BF021292993A20D005B62BE /* ProductViewModel.swift in Sources */ = {isa = PBXBuildFile; fileRef = 6BF021282993A20D005B62BE /* ProductViewModel.swift */; };
		6BF0212B29942379005B62BE /* NetworkTask.swift in Sources */ = {isa = PBXBuildFile; fileRef = 6BF0212A29942379005B62BE /* NetworkTask.swift */; };
		6BF0212D2994243A005B62BE /* Endpoint.swift in Sources */ = {isa = PBXBuildFile; fileRef = 6BF0212C2994243A005B62BE /* Endpoint.swift */; };
		6BF0212F299424D1005B62BE /* ProductsTask.swift in Sources */ = {isa = PBXBuildFile; fileRef = 6BF0212E299424D1005B62BE /* ProductsTask.swift */; };
		6BF02131299427E9005B62BE /* APIClient.swift in Sources */ = {isa = PBXBuildFile; fileRef = 6BF02130299427E9005B62BE /* APIClient.swift */; };
		6BF021332994615E005B62BE /* FilterViewController.swift in Sources */ = {isa = PBXBuildFile; fileRef = 6BF021322994615E005B62BE /* FilterViewController.swift */; };
		6BF0213929946379005B62BE /* Color.swift in Sources */ = {isa = PBXBuildFile; fileRef = 6BF0213829946379005B62BE /* Color.swift */; };
		6BF0213B29946CAD005B62BE /* Font.swift in Sources */ = {isa = PBXBuildFile; fileRef = 6BF0213A29946CAD005B62BE /* Font.swift */; };
		6BF0213D29946FF4005B62BE /* SortMethod.swift in Sources */ = {isa = PBXBuildFile; fileRef = 6BF0213C29946FF4005B62BE /* SortMethod.swift */; };
/* End PBXBuildFile section */

/* Begin PBXContainerItemProxy section */
		6B5FAAFF2992040E0058733C /* PBXContainerItemProxy */ = {
			isa = PBXContainerItemProxy;
			containerPortal = 6B5FAAE02992040D0058733C /* Project object */;
			proxyType = 1;
			remoteGlobalIDString = 6B5FAAE72992040D0058733C;
			remoteInfo = EbisconTask;
		};
		6B5FAB092992040E0058733C /* PBXContainerItemProxy */ = {
			isa = PBXContainerItemProxy;
			containerPortal = 6B5FAAE02992040D0058733C /* Project object */;
			proxyType = 1;
			remoteGlobalIDString = 6B5FAAE72992040D0058733C;
			remoteInfo = EbisconTask;
		};
/* End PBXContainerItemProxy section */

/* Begin PBXFileReference section */
		6B1FAC8F29920D040068C408 /* NavigationViewController.swift */ = {isa = PBXFileReference; lastKnownFileType = sourcecode.swift; path = NavigationViewController.swift; sourceTree = "<group>"; };
		6B1FAC93299216400068C408 /* SearchTitleView.swift */ = {isa = PBXFileReference; lastKnownFileType = sourcecode.swift; path = SearchTitleView.swift; sourceTree = "<group>"; };
		6B40C6F92992DB390048827D /* ItemCollectionViewCell.swift */ = {isa = PBXFileReference; lastKnownFileType = sourcecode.swift; path = ItemCollectionViewCell.swift; sourceTree = "<group>"; };
		6B5FAAE82992040D0058733C /* EbisconTask.app */ = {isa = PBXFileReference; explicitFileType = wrapper.application; includeInIndex = 0; name = EbisconTask.app; path = "/Users/selcukyildiz/EbisconTask/build/Debug-iphoneos/EbisconTask.app"; sourceTree = "<absolute>"; };
		6B5FAAEB2992040D0058733C /* AppDelegate.swift */ = {isa = PBXFileReference; lastKnownFileType = sourcecode.swift; path = AppDelegate.swift; sourceTree = "<group>"; };
		6B5FAAF42992040E0058733C /* Assets.xcassets */ = {isa = PBXFileReference; lastKnownFileType = folder.assetcatalog; path = Assets.xcassets; sourceTree = "<group>"; };
		6B5FAAF72992040E0058733C /* Base */ = {isa = PBXFileReference; lastKnownFileType = file.storyboard; name = Base; path = Base.lproj/LaunchScreen.storyboard; sourceTree = "<group>"; };
		6B5FAAF92992040E0058733C /* Info.plist */ = {isa = PBXFileReference; lastKnownFileType = text.plist.xml; path = Info.plist; sourceTree = "<group>"; };
		6B5FAAFE2992040E0058733C /* EbisconTaskTests.xctest */ = {isa = PBXFileReference; explicitFileType = wrapper.cfbundle; includeInIndex = 0; name = EbisconTaskTests.xctest; path = "/Users/selcukyildiz/EbisconTask/build/Debug-iphoneos/EbisconTaskTests.xctest"; sourceTree = "<absolute>"; };
		6B5FAB022992040E0058733C /* EbisconTaskTests.swift */ = {isa = PBXFileReference; lastKnownFileType = sourcecode.swift; path = EbisconTaskTests.swift; sourceTree = "<group>"; };
		6B5FAB082992040E0058733C /* EbisconTaskUITests.xctest */ = {isa = PBXFileReference; explicitFileType = wrapper.cfbundle; includeInIndex = 0; name = EbisconTaskUITests.xctest; path = "/Users/selcukyildiz/EbisconTask/build/Debug-iphoneos/EbisconTaskUITests.xctest"; sourceTree = "<absolute>"; };
		6B5FAB0C2992040E0058733C /* EbisconTaskUITests.swift */ = {isa = PBXFileReference; lastKnownFileType = sourcecode.swift; path = EbisconTaskUITests.swift; sourceTree = "<group>"; };
		6B5FAB0E2992040E0058733C /* EbisconTaskUITestsLaunchTests.swift */ = {isa = PBXFileReference; lastKnownFileType = sourcecode.swift; path = EbisconTaskUITestsLaunchTests.swift; sourceTree = "<group>"; };
		6B5FAB1B2992048B0058733C /* DiscoveryViewController.swift */ = {isa = PBXFileReference; lastKnownFileType = sourcecode.swift; path = DiscoveryViewController.swift; sourceTree = "<group>"; };
		6BED511E2994E45C00168C9B /* CategoryCollectionViewCell.swift */ = {isa = PBXFileReference; lastKnownFileType = sourcecode.swift; path = CategoryCollectionViewCell.swift; sourceTree = "<group>"; };
		6BED5120299515BC00168C9B /* SortMethodCollectionViewCell.swift */ = {isa = PBXFileReference; lastKnownFileType = sourcecode.swift; path = SortMethodCollectionViewCell.swift; sourceTree = "<group>"; };
		6BED512229954AA300168C9B /* FilterHeaderView.swift */ = {isa = PBXFileReference; lastKnownFileType = sourcecode.swift; path = FilterHeaderView.swift; sourceTree = "<group>"; };
		6BED512729964F9B00168C9B /* ProductDetailViewController.swift */ = {isa = PBXFileReference; lastKnownFileType = sourcecode.swift; path = ProductDetailViewController.swift; sourceTree = "<group>"; };
		6BED51292996521C00168C9B /* ProductDetailView.swift */ = {isa = PBXFileReference; lastKnownFileType = sourcecode.swift; path = ProductDetailView.swift; sourceTree = "<group>"; };
		6BED512B2996564300168C9B /* ProductImageCollectionViewCell.swift */ = {isa = PBXFileReference; lastKnownFileType = sourcecode.swift; path = ProductImageCollectionViewCell.swift; sourceTree = "<group>"; };
		6BED512D2996713A00168C9B /* ProductRealmStore.swift */ = {isa = PBXFileReference; lastKnownFileType = sourcecode.swift; path = ProductRealmStore.swift; sourceTree = "<group>"; };
		6BED512F2996793500168C9B /* CollectionViewHeader.swift */ = {isa = PBXFileReference; lastKnownFileType = sourcecode.swift; path = CollectionViewHeader.swift; sourceTree = "<group>"; };
		6BF021242993A0DD005B62BE /* Product.swift */ = {isa = PBXFileReference; lastKnownFileType = sourcecode.swift; path = Product.swift; sourceTree = "<group>"; };
		6BF021262993A0EA005B62BE /* Rating.swift */ = {isa = PBXFileReference; lastKnownFileType = sourcecode.swift; path = Rating.swift; sourceTree = "<group>"; };
		6BF021282993A20D005B62BE /* ProductViewModel.swift */ = {isa = PBXFileReference; lastKnownFileType = sourcecode.swift; path = ProductViewModel.swift; sourceTree = "<group>"; };
		6BF0212A29942379005B62BE /* NetworkTask.swift */ = {isa = PBXFileReference; lastKnownFileType = sourcecode.swift; path = NetworkTask.swift; sourceTree = "<group>"; };
		6BF0212C2994243A005B62BE /* Endpoint.swift */ = {isa = PBXFileReference; lastKnownFileType = sourcecode.swift; path = Endpoint.swift; sourceTree = "<group>"; };
		6BF0212E299424D1005B62BE /* ProductsTask.swift */ = {isa = PBXFileReference; lastKnownFileType = sourcecode.swift; path = ProductsTask.swift; sourceTree = "<group>"; };
		6BF02130299427E9005B62BE /* APIClient.swift */ = {isa = PBXFileReference; lastKnownFileType = sourcecode.swift; path = APIClient.swift; sourceTree = "<group>"; };
		6BF021322994615E005B62BE /* FilterViewController.swift */ = {isa = PBXFileReference; lastKnownFileType = sourcecode.swift; path = FilterViewController.swift; sourceTree = "<group>"; };
		6BF0213829946379005B62BE /* Color.swift */ = {isa = PBXFileReference; lastKnownFileType = sourcecode.swift; path = Color.swift; sourceTree = "<group>"; };
		6BF0213A29946CAD005B62BE /* Font.swift */ = {isa = PBXFileReference; lastKnownFileType = sourcecode.swift; path = Font.swift; sourceTree = "<group>"; };
		6BF0213C29946FF4005B62BE /* SortMethod.swift */ = {isa = PBXFileReference; lastKnownFileType = sourcecode.swift; path = SortMethod.swift; sourceTree = "<group>"; };
/* End PBXFileReference section */

/* Begin PBXFrameworksBuildPhase section */
		6B5FAAE52992040D0058733C /* Frameworks */ = {
			isa = PBXFrameworksBuildPhase;
			buildActionMask = 2147483647;
			files = (
			);
			runOnlyForDeploymentPostprocessing = 0;
		};
		6B5FAAFB2992040E0058733C /* Frameworks */ = {
			isa = PBXFrameworksBuildPhase;
			buildActionMask = 2147483647;
			files = (
			);
			runOnlyForDeploymentPostprocessing = 0;
		};
		6B5FAB052992040E0058733C /* Frameworks */ = {
			isa = PBXFrameworksBuildPhase;
			buildActionMask = 2147483647;
			files = (
			);
			runOnlyForDeploymentPostprocessing = 0;
		};
/* End PBXFrameworksBuildPhase section */

/* Begin PBXGroup section */
		6B5FAADF2992040D0058733C = {
			isa = PBXGroup;
			children = (
				6B5FAAEA2992040D0058733C /* EbisconTask */,
				6B5FAB012992040E0058733C /* EbisconTaskTests */,
				6B5FAB0B2992040E0058733C /* EbisconTaskUITests */,
			);
			sourceTree = "<group>";
		};
		6B5FAAEA2992040D0058733C /* EbisconTask */ = {
			isa = PBXGroup;
			children = (
				6B5FAAEB2992040D0058733C /* AppDelegate.swift */,
				6BED51312996797500168C9B /* Extensions */,
				6BF0213429946320005B62BE /* View */,
				6BF021352994632C005B62BE /* ViewModel */,
				6BF0213629946340005B62BE /* Model */,
				6BF021372994634B005B62BE /* Networking */,
				6B5FAAF42992040E0058733C /* Assets.xcassets */,
				6B5FAAF62992040E0058733C /* LaunchScreen.storyboard */,
				6B5FAAF92992040E0058733C /* Info.plist */,
			);
			path = EbisconTask;
			sourceTree = "<group>";
		};
		6B5FAB012992040E0058733C /* EbisconTaskTests */ = {
			isa = PBXGroup;
			children = (
				6B5FAB022992040E0058733C /* EbisconTaskTests.swift */,
			);
			path = EbisconTaskTests;
			sourceTree = "<group>";
		};
		6B5FAB0B2992040E0058733C /* EbisconTaskUITests */ = {
			isa = PBXGroup;
			children = (
				6B5FAB0C2992040E0058733C /* EbisconTaskUITests.swift */,
				6B5FAB0E2992040E0058733C /* EbisconTaskUITestsLaunchTests.swift */,
			);
			path = EbisconTaskUITests;
			sourceTree = "<group>";
		};
		6BED512429964F6000168C9B /* ViewControllers */ = {
			isa = PBXGroup;
			children = (
				6B5FAB1B2992048B0058733C /* DiscoveryViewController.swift */,
				6B1FAC8F29920D040068C408 /* NavigationViewController.swift */,
				6BF021322994615E005B62BE /* FilterViewController.swift */,
				6BED512729964F9B00168C9B /* ProductDetailViewController.swift */,
			);
			path = ViewControllers;
			sourceTree = "<group>";
		};
		6BED512529964F6E00168C9B /* CustomViews */ = {
			isa = PBXGroup;
			children = (
				6B1FAC93299216400068C408 /* SearchTitleView.swift */,
				6BED512229954AA300168C9B /* FilterHeaderView.swift */,
				6BED51292996521C00168C9B /* ProductDetailView.swift */,
			);
			path = CustomViews;
			sourceTree = "<group>";
		};
		6BED512629964F7800168C9B /* Cells */ = {
			isa = PBXGroup;
			children = (
				6B40C6F92992DB390048827D /* ItemCollectionViewCell.swift */,
				6BED512F2996793500168C9B /* CollectionViewHeader.swift */,
				6BED511E2994E45C00168C9B /* CategoryCollectionViewCell.swift */,
				6BED512B2996564300168C9B /* ProductImageCollectionViewCell.swift */,
				6BED5120299515BC00168C9B /* SortMethodCollectionViewCell.swift */,
			);
			path = Cells;
			sourceTree = "<group>";
		};
		6BED51312996797500168C9B /* Extensions */ = {
			isa = PBXGroup;
			children = (
				6BF0213829946379005B62BE /* Color.swift */,
				6BF0213A29946CAD005B62BE /* Font.swift */,
			);
			path = Extensions;
			sourceTree = "<group>";
		};
		6BF0213429946320005B62BE /* View */ = {
			isa = PBXGroup;
			children = (
				6BED512429964F6000168C9B /* ViewControllers */,
				6BED512529964F6E00168C9B /* CustomViews */,
				6BED512629964F7800168C9B /* Cells */,
			);
			path = View;
			sourceTree = "<group>";
		};
		6BF021352994632C005B62BE /* ViewModel */ = {
			isa = PBXGroup;
			children = (
				6BF021282993A20D005B62BE /* ProductViewModel.swift */,
				6BED512D2996713A00168C9B /* ProductRealmStore.swift */,
			);
			path = ViewModel;
			sourceTree = "<group>";
		};
		6BF0213629946340005B62BE /* Model */ = {
			isa = PBXGroup;
			children = (
				6BF021242993A0DD005B62BE /* Product.swift */,
				6BF0213C29946FF4005B62BE /* SortMethod.swift */,
				6BF021262993A0EA005B62BE /* Rating.swift */,
			);
			path = Model;
			sourceTree = "<group>";
		};
		6BF021372994634B005B62BE /* Networking */ = {
			isa = PBXGroup;
			children = (
				6BF0212A29942379005B62BE /* NetworkTask.swift */,
				6BF0212E299424D1005B62BE /* ProductsTask.swift */,
				6BF02130299427E9005B62BE /* APIClient.swift */,
				6BF0212C2994243A005B62BE /* Endpoint.swift */,
			);
			path = Networking;
			sourceTree = "<group>";
		};
/* End PBXGroup section */

/* Begin PBXNativeTarget section */
		6B5FAAE72992040D0058733C /* EbisconTask */ = {
			isa = PBXNativeTarget;
			buildConfigurationList = 6B5FAB122992040E0058733C /* Build configuration list for PBXNativeTarget "EbisconTask" */;
			buildPhases = (
				7727EE892D8B5E570637FE44 /* [CP] Check Pods Manifest.lock */,
				6B5FAAE42992040D0058733C /* Sources */,
				6B5FAAE52992040D0058733C /* Frameworks */,
				6B5FAAE62992040D0058733C /* Resources */,
			);
			buildRules = (
			);
			dependencies = (
			);
			name = EbisconTask;
			productName = EbisconTask;
			productReference = 6B5FAAE82992040D0058733C /* EbisconTask.app */;
			productType = "com.apple.product-type.application";
		};
		6B5FAAFD2992040E0058733C /* EbisconTaskTests */ = {
			isa = PBXNativeTarget;
			buildConfigurationList = 6B5FAB152992040E0058733C /* Build configuration list for PBXNativeTarget "EbisconTaskTests" */;
			buildPhases = (
				B46AE03EFC7CEB33CE680DF5 /* [CP] Check Pods Manifest.lock */,
				6B5FAAFA2992040E0058733C /* Sources */,
				6B5FAAFB2992040E0058733C /* Frameworks */,
				6B5FAAFC2992040E0058733C /* Resources */,
			);
			buildRules = (
			);
			dependencies = (
				6B5FAB002992040E0058733C /* PBXTargetDependency */,
			);
			name = EbisconTaskTests;
			productName = EbisconTaskTests;
			productReference = 6B5FAAFE2992040E0058733C /* EbisconTaskTests.xctest */;
			productType = "com.apple.product-type.bundle.unit-test";
		};
		6B5FAB072992040E0058733C /* EbisconTaskUITests */ = {
			isa = PBXNativeTarget;
			buildConfigurationList = 6B5FAB182992040E0058733C /* Build configuration list for PBXNativeTarget "EbisconTaskUITests" */;
			buildPhases = (
				A6F5CA46CAB16EE23EB3A4E9 /* [CP] Check Pods Manifest.lock */,
				6B5FAB042992040E0058733C /* Sources */,
				6B5FAB052992040E0058733C /* Frameworks */,
				6B5FAB062992040E0058733C /* Resources */,
			);
			buildRules = (
			);
			dependencies = (
				6B5FAB0A2992040E0058733C /* PBXTargetDependency */,
			);
			name = EbisconTaskUITests;
			productName = EbisconTaskUITests;
			productReference = 6B5FAB082992040E0058733C /* EbisconTaskUITests.xctest */;
			productType = "com.apple.product-type.bundle.ui-testing";
		};
/* End PBXNativeTarget section */

/* Begin PBXProject section */
		6B5FAAE02992040D0058733C /* Project object */ = {
			isa = PBXProject;
			attributes = {
				BuildIndependentTargetsInParallel = 1;
				LastSwiftUpdateCheck = 1410;
				LastUpgradeCheck = 1410;
				TargetAttributes = {
					6B5FAAE72992040D0058733C = {
						CreatedOnToolsVersion = 14.1;
					};
					6B5FAAFD2992040E0058733C = {
						CreatedOnToolsVersion = 14.1;
						TestTargetID = 6B5FAAE72992040D0058733C;
					};
					6B5FAB072992040E0058733C = {
						CreatedOnToolsVersion = 14.1;
						TestTargetID = 6B5FAAE72992040D0058733C;
					};
				};
			};
			buildConfigurationList = 6B5FAAE32992040D0058733C /* Build configuration list for PBXProject "EbisconTask" */;
			compatibilityVersion = "Xcode 14.0";
			developmentRegion = en;
			hasScannedForEncodings = 0;
			knownRegions = (
				en,
				Base,
			);
			mainGroup = 6B5FAADF2992040D0058733C;
			productRefGroup = 6B5FAADF2992040D0058733C;
			projectDirPath = "";
			projectRoot = "";
			targets = (
				6B5FAAE72992040D0058733C /* EbisconTask */,
				6B5FAAFD2992040E0058733C /* EbisconTaskTests */,
				6B5FAB072992040E0058733C /* EbisconTaskUITests */,
			);
		};
/* End PBXProject section */

/* Begin PBXResourcesBuildPhase section */
		6B5FAAE62992040D0058733C /* Resources */ = {
			isa = PBXResourcesBuildPhase;
			buildActionMask = 2147483647;
			files = (
				6B5FAAF82992040E0058733C /* LaunchScreen.storyboard in Resources */,
				6B5FAAF52992040E0058733C /* Assets.xcassets in Resources */,
			);
			runOnlyForDeploymentPostprocessing = 0;
		};
		6B5FAAFC2992040E0058733C /* Resources */ = {
			isa = PBXResourcesBuildPhase;
			buildActionMask = 2147483647;
			files = (
			);
			runOnlyForDeploymentPostprocessing = 0;
		};
		6B5FAB062992040E0058733C /* Resources */ = {
			isa = PBXResourcesBuildPhase;
			buildActionMask = 2147483647;
			files = (
			);
			runOnlyForDeploymentPostprocessing = 0;
		};
/* End PBXResourcesBuildPhase section */

/* Begin PBXShellScriptBuildPhase section */
		7727EE892D8B5E570637FE44 /* [CP] Check Pods Manifest.lock */ = {
			isa = PBXShellScriptBuildPhase;
			buildActionMask = 2147483647;
			files = (
			);
			inputFileListPaths = (
			);
			inputPaths = (
				"${PODS_PODFILE_DIR_PATH}/Podfile.lock",
				"${PODS_ROOT}/Manifest.lock",
			);
			name = "[CP] Check Pods Manifest.lock";
			outputFileListPaths = (
			);
			outputPaths = (
				"$(DERIVED_FILE_DIR)/Pods-EbisconTask-checkManifestLockResult.txt",
			);
			runOnlyForDeploymentPostprocessing = 0;
			shellPath = /bin/sh;
			shellScript = "diff \"${PODS_PODFILE_DIR_PATH}/Podfile.lock\" \"${PODS_ROOT}/Manifest.lock\" > /dev/null\nif [ $? != 0 ] ; then\n    # print error to STDERR\n    echo \"error: The sandbox is not in sync with the Podfile.lock. Run 'pod install' or update your CocoaPods installation.\" >&2\n    exit 1\nfi\n# This output is used by Xcode 'outputs' to avoid re-running this script phase.\necho \"SUCCESS\" > \"${SCRIPT_OUTPUT_FILE_0}\"\n";
			showEnvVarsInLog = 0;
		};
		A6F5CA46CAB16EE23EB3A4E9 /* [CP] Check Pods Manifest.lock */ = {
			isa = PBXShellScriptBuildPhase;
			buildActionMask = 2147483647;
			files = (
			);
			inputFileListPaths = (
			);
			inputPaths = (
				"${PODS_PODFILE_DIR_PATH}/Podfile.lock",
				"${PODS_ROOT}/Manifest.lock",
			);
			name = "[CP] Check Pods Manifest.lock";
			outputFileListPaths = (
			);
			outputPaths = (
				"$(DERIVED_FILE_DIR)/Pods-EbisconTask-EbisconTaskUITests-checkManifestLockResult.txt",
			);
			runOnlyForDeploymentPostprocessing = 0;
			shellPath = /bin/sh;
			shellScript = "diff \"${PODS_PODFILE_DIR_PATH}/Podfile.lock\" \"${PODS_ROOT}/Manifest.lock\" > /dev/null\nif [ $? != 0 ] ; then\n    # print error to STDERR\n    echo \"error: The sandbox is not in sync with the Podfile.lock. Run 'pod install' or update your CocoaPods installation.\" >&2\n    exit 1\nfi\n# This output is used by Xcode 'outputs' to avoid re-running this script phase.\necho \"SUCCESS\" > \"${SCRIPT_OUTPUT_FILE_0}\"\n";
			showEnvVarsInLog = 0;
		};
		B46AE03EFC7CEB33CE680DF5 /* [CP] Check Pods Manifest.lock */ = {
			isa = PBXShellScriptBuildPhase;
			buildActionMask = 2147483647;
			files = (
			);
			inputFileListPaths = (
			);
			inputPaths = (
				"${PODS_PODFILE_DIR_PATH}/Podfile.lock",
				"${PODS_ROOT}/Manifest.lock",
			);
			name = "[CP] Check Pods Manifest.lock";
			outputFileListPaths = (
			);
			outputPaths = (
				"$(DERIVED_FILE_DIR)/Pods-EbisconTaskTests-checkManifestLockResult.txt",
			);
			runOnlyForDeploymentPostprocessing = 0;
			shellPath = /bin/sh;
			shellScript = "diff \"${PODS_PODFILE_DIR_PATH}/Podfile.lock\" \"${PODS_ROOT}/Manifest.lock\" > /dev/null\nif [ $? != 0 ] ; then\n    # print error to STDERR\n    echo \"error: The sandbox is not in sync with the Podfile.lock. Run 'pod install' or update your CocoaPods installation.\" >&2\n    exit 1\nfi\n# This output is used by Xcode 'outputs' to avoid re-running this script phase.\necho \"SUCCESS\" > \"${SCRIPT_OUTPUT_FILE_0}\"\n";
			showEnvVarsInLog = 0;
		};
/* End PBXShellScriptBuildPhase section */

/* Begin PBXSourcesBuildPhase section */
		6B5FAAE42992040D0058733C /* Sources */ = {
			isa = PBXSourcesBuildPhase;
			buildActionMask = 2147483647;
			files = (
				6B40C6FA2992DB390048827D /* ItemCollectionViewCell.swift in Sources */,
				6B1FAC9029920D040068C408 /* NavigationViewController.swift in Sources */,
				6BF0213B29946CAD005B62BE /* Font.swift in Sources */,
				6BED511F2994E45C00168C9B /* CategoryCollectionViewCell.swift in Sources */,
				6B5FAAEC2992040D0058733C /* AppDelegate.swift in Sources */,
				6B5FAB1C2992048B0058733C /* DiscoveryViewController.swift in Sources */,
				6BF0212D2994243A005B62BE /* Endpoint.swift in Sources */,
				6BF0212B29942379005B62BE /* NetworkTask.swift in Sources */,
				6BED512A2996521C00168C9B /* ProductDetailView.swift in Sources */,
				6B1FAC94299216400068C408 /* SearchTitleView.swift in Sources */,
				6BF021332994615E005B62BE /* FilterViewController.swift in Sources */,
				6BF0212F299424D1005B62BE /* ProductsTask.swift in Sources */,
				6BED512C2996564300168C9B /* ProductImageCollectionViewCell.swift in Sources */,
				6BED51302996793500168C9B /* CollectionViewHeader.swift in Sources */,
				6BED512329954AA300168C9B /* FilterHeaderView.swift in Sources */,
				6BED5121299515BC00168C9B /* SortMethodCollectionViewCell.swift in Sources */,
				6BF0213929946379005B62BE /* Color.swift in Sources */,
				6BF021252993A0DD005B62BE /* Product.swift in Sources */,
				6BF021292993A20D005B62BE /* ProductViewModel.swift in Sources */,
				6BF0213D29946FF4005B62BE /* SortMethod.swift in Sources */,
				6BED512829964F9B00168C9B /* ProductDetailViewController.swift in Sources */,
				6BF021272993A0EA005B62BE /* Rating.swift in Sources */,
				6BED512E2996713A00168C9B /* ProductRealmStore.swift in Sources */,
				6BF02131299427E9005B62BE /* APIClient.swift in Sources */,
			);
			runOnlyForDeploymentPostprocessing = 0;
		};
		6B5FAAFA2992040E0058733C /* Sources */ = {
			isa = PBXSourcesBuildPhase;
			buildActionMask = 2147483647;
			files = (
				6B5FAB032992040E0058733C /* EbisconTaskTests.swift in Sources */,
			);
			runOnlyForDeploymentPostprocessing = 0;
		};
		6B5FAB042992040E0058733C /* Sources */ = {
			isa = PBXSourcesBuildPhase;
			buildActionMask = 2147483647;
			files = (
				6B5FAB0D2992040E0058733C /* EbisconTaskUITests.swift in Sources */,
				6B5FAB0F2992040E0058733C /* EbisconTaskUITestsLaunchTests.swift in Sources */,
			);
			runOnlyForDeploymentPostprocessing = 0;
		};
/* End PBXSourcesBuildPhase section */

/* Begin PBXTargetDependency section */
		6B5FAB002992040E0058733C /* PBXTargetDependency */ = {
			isa = PBXTargetDependency;
			target = 6B5FAAE72992040D0058733C /* EbisconTask */;
			targetProxy = 6B5FAAFF2992040E0058733C /* PBXContainerItemProxy */;
		};
		6B5FAB0A2992040E0058733C /* PBXTargetDependency */ = {
			isa = PBXTargetDependency;
			target = 6B5FAAE72992040D0058733C /* EbisconTask */;
			targetProxy = 6B5FAB092992040E0058733C /* PBXContainerItemProxy */;
		};
/* End PBXTargetDependency section */

/* Begin PBXVariantGroup section */
		6B5FAAF62992040E0058733C /* LaunchScreen.storyboard */ = {
			isa = PBXVariantGroup;
			children = (
				6B5FAAF72992040E0058733C /* Base */,
			);
			name = LaunchScreen.storyboard;
			sourceTree = "<group>";
		};
/* End PBXVariantGroup section */

/* Begin XCBuildConfiguration section */
		6B5FAB102992040E0058733C /* Debug */ = {
			isa = XCBuildConfiguration;
			buildSettings = {
				ALWAYS_SEARCH_USER_PATHS = NO;
				CLANG_ANALYZER_NONNULL = YES;
				CLANG_ANALYZER_NUMBER_OBJECT_CONVERSION = YES_AGGRESSIVE;
				CLANG_CXX_LANGUAGE_STANDARD = "gnu++20";
				CLANG_ENABLE_MODULES = YES;
				CLANG_ENABLE_OBJC_ARC = YES;
				CLANG_ENABLE_OBJC_WEAK = YES;
				CLANG_WARN_BLOCK_CAPTURE_AUTORELEASING = YES;
				CLANG_WARN_BOOL_CONVERSION = YES;
				CLANG_WARN_COMMA = YES;
				CLANG_WARN_CONSTANT_CONVERSION = YES;
				CLANG_WARN_DEPRECATED_OBJC_IMPLEMENTATIONS = YES;
				CLANG_WARN_DIRECT_OBJC_ISA_USAGE = YES_ERROR;
				CLANG_WARN_DOCUMENTATION_COMMENTS = YES;
				CLANG_WARN_EMPTY_BODY = YES;
				CLANG_WARN_ENUM_CONVERSION = YES;
				CLANG_WARN_INFINITE_RECURSION = YES;
				CLANG_WARN_INT_CONVERSION = YES;
				CLANG_WARN_NON_LITERAL_NULL_CONVERSION = YES;
				CLANG_WARN_OBJC_IMPLICIT_RETAIN_SELF = YES;
				CLANG_WARN_OBJC_LITERAL_CONVERSION = YES;
				CLANG_WARN_OBJC_ROOT_CLASS = YES_ERROR;
				CLANG_WARN_QUOTED_INCLUDE_IN_FRAMEWORK_HEADER = YES;
				CLANG_WARN_RANGE_LOOP_ANALYSIS = YES;
				CLANG_WARN_STRICT_PROTOTYPES = YES;
				CLANG_WARN_SUSPICIOUS_MOVE = YES;
				CLANG_WARN_UNGUARDED_AVAILABILITY = YES_AGGRESSIVE;
				CLANG_WARN_UNREACHABLE_CODE = YES;
				CLANG_WARN__DUPLICATE_METHOD_MATCH = YES;
				COPY_PHASE_STRIP = NO;
				DEBUG_INFORMATION_FORMAT = dwarf;
				ENABLE_STRICT_OBJC_MSGSEND = YES;
				ENABLE_TESTABILITY = YES;
				GCC_C_LANGUAGE_STANDARD = gnu11;
				GCC_DYNAMIC_NO_PIC = NO;
				GCC_NO_COMMON_BLOCKS = YES;
				GCC_OPTIMIZATION_LEVEL = 0;
				GCC_PREPROCESSOR_DEFINITIONS = (
					"DEBUG=1",
					"$(inherited)",
				);
				GCC_WARN_64_TO_32_BIT_CONVERSION = YES;
				GCC_WARN_ABOUT_RETURN_TYPE = YES_ERROR;
				GCC_WARN_UNDECLARED_SELECTOR = YES;
				GCC_WARN_UNINITIALIZED_AUTOS = YES_AGGRESSIVE;
				GCC_WARN_UNUSED_FUNCTION = YES;
				GCC_WARN_UNUSED_VARIABLE = YES;
				IPHONEOS_DEPLOYMENT_TARGET = 16.1;
				MTL_ENABLE_DEBUG_INFO = INCLUDE_SOURCE;
				MTL_FAST_MATH = YES;
				ONLY_ACTIVE_ARCH = YES;
				SDKROOT = iphoneos;
				SWIFT_ACTIVE_COMPILATION_CONDITIONS = DEBUG;
				SWIFT_OPTIMIZATION_LEVEL = "-Onone";
			};
			name = Debug;
		};
		6B5FAB112992040E0058733C /* Release */ = {
			isa = XCBuildConfiguration;
			buildSettings = {
				ALWAYS_SEARCH_USER_PATHS = NO;
				CLANG_ANALYZER_NONNULL = YES;
				CLANG_ANALYZER_NUMBER_OBJECT_CONVERSION = YES_AGGRESSIVE;
				CLANG_CXX_LANGUAGE_STANDARD = "gnu++20";
				CLANG_ENABLE_MODULES = YES;
				CLANG_ENABLE_OBJC_ARC = YES;
				CLANG_ENABLE_OBJC_WEAK = YES;
				CLANG_WARN_BLOCK_CAPTURE_AUTORELEASING = YES;
				CLANG_WARN_BOOL_CONVERSION = YES;
				CLANG_WARN_COMMA = YES;
				CLANG_WARN_CONSTANT_CONVERSION = YES;
				CLANG_WARN_DEPRECATED_OBJC_IMPLEMENTATIONS = YES;
				CLANG_WARN_DIRECT_OBJC_ISA_USAGE = YES_ERROR;
				CLANG_WARN_DOCUMENTATION_COMMENTS = YES;
				CLANG_WARN_EMPTY_BODY = YES;
				CLANG_WARN_ENUM_CONVERSION = YES;
				CLANG_WARN_INFINITE_RECURSION = YES;
				CLANG_WARN_INT_CONVERSION = YES;
				CLANG_WARN_NON_LITERAL_NULL_CONVERSION = YES;
				CLANG_WARN_OBJC_IMPLICIT_RETAIN_SELF = YES;
				CLANG_WARN_OBJC_LITERAL_CONVERSION = YES;
				CLANG_WARN_OBJC_ROOT_CLASS = YES_ERROR;
				CLANG_WARN_QUOTED_INCLUDE_IN_FRAMEWORK_HEADER = YES;
				CLANG_WARN_RANGE_LOOP_ANALYSIS = YES;
				CLANG_WARN_STRICT_PROTOTYPES = YES;
				CLANG_WARN_SUSPICIOUS_MOVE = YES;
				CLANG_WARN_UNGUARDED_AVAILABILITY = YES_AGGRESSIVE;
				CLANG_WARN_UNREACHABLE_CODE = YES;
				CLANG_WARN__DUPLICATE_METHOD_MATCH = YES;
				COPY_PHASE_STRIP = NO;
				DEBUG_INFORMATION_FORMAT = "dwarf-with-dsym";
				ENABLE_NS_ASSERTIONS = NO;
				ENABLE_STRICT_OBJC_MSGSEND = YES;
				GCC_C_LANGUAGE_STANDARD = gnu11;
				GCC_NO_COMMON_BLOCKS = YES;
				GCC_WARN_64_TO_32_BIT_CONVERSION = YES;
				GCC_WARN_ABOUT_RETURN_TYPE = YES_ERROR;
				GCC_WARN_UNDECLARED_SELECTOR = YES;
				GCC_WARN_UNINITIALIZED_AUTOS = YES_AGGRESSIVE;
				GCC_WARN_UNUSED_FUNCTION = YES;
				GCC_WARN_UNUSED_VARIABLE = YES;
				IPHONEOS_DEPLOYMENT_TARGET = 16.1;
				MTL_ENABLE_DEBUG_INFO = NO;
				MTL_FAST_MATH = YES;
				SDKROOT = iphoneos;
				SWIFT_COMPILATION_MODE = wholemodule;
				SWIFT_OPTIMIZATION_LEVEL = "-O";
				VALIDATE_PRODUCT = YES;
			};
			name = Release;
		};
		6B5FAB132992040E0058733C /* Debug */ = {
			isa = XCBuildConfiguration;
			buildSettings = {
				ASSETCATALOG_COMPILER_APPICON_NAME = AppIcon;
				ASSETCATALOG_COMPILER_GLOBAL_ACCENT_COLOR_NAME = AccentColor;
				CODE_SIGN_STYLE = Automatic;
				CURRENT_PROJECT_VERSION = 1;
				DEVELOPMENT_TEAM = 8Z37YX7MXH;
				GENERATE_INFOPLIST_FILE = YES;
				INFOPLIST_FILE = EbisconTask/Info.plist;
				INFOPLIST_KEY_UIApplicationSupportsIndirectInputEvents = YES;
				INFOPLIST_KEY_UILaunchStoryboardName = LaunchScreen;
				INFOPLIST_KEY_UISupportedInterfaceOrientations_iPad = "UIInterfaceOrientationPortrait UIInterfaceOrientationPortraitUpsideDown UIInterfaceOrientationLandscapeLeft UIInterfaceOrientationLandscapeRight";
				INFOPLIST_KEY_UISupportedInterfaceOrientations_iPhone = "UIInterfaceOrientationPortrait UIInterfaceOrientationLandscapeLeft UIInterfaceOrientationLandscapeRight";
				LD_RUNPATH_SEARCH_PATHS = (
					"$(inherited)",
					"@executable_path/Frameworks",
				);
				MARKETING_VERSION = 1.0;
				PRODUCT_BUNDLE_IDENTIFIER = com.selcuk.EbisconTask;
				PRODUCT_NAME = "$(TARGET_NAME)";
				SWIFT_EMIT_LOC_STRINGS = YES;
				SWIFT_VERSION = 5.0;
				TARGETED_DEVICE_FAMILY = "1,2";
			};
			name = Debug;
		};
		6B5FAB142992040E0058733C /* Release */ = {
			isa = XCBuildConfiguration;
			buildSettings = {
				ASSETCATALOG_COMPILER_APPICON_NAME = AppIcon;
				ASSETCATALOG_COMPILER_GLOBAL_ACCENT_COLOR_NAME = AccentColor;
				CODE_SIGN_STYLE = Automatic;
				CURRENT_PROJECT_VERSION = 1;
				DEVELOPMENT_TEAM = 8Z37YX7MXH;
				GENERATE_INFOPLIST_FILE = YES;
				INFOPLIST_FILE = EbisconTask/Info.plist;
				INFOPLIST_KEY_UIApplicationSupportsIndirectInputEvents = YES;
				INFOPLIST_KEY_UILaunchStoryboardName = LaunchScreen;
				INFOPLIST_KEY_UISupportedInterfaceOrientations_iPad = "UIInterfaceOrientationPortrait UIInterfaceOrientationPortraitUpsideDown UIInterfaceOrientationLandscapeLeft UIInterfaceOrientationLandscapeRight";
				INFOPLIST_KEY_UISupportedInterfaceOrientations_iPhone = "UIInterfaceOrientationPortrait UIInterfaceOrientationLandscapeLeft UIInterfaceOrientationLandscapeRight";
				LD_RUNPATH_SEARCH_PATHS = (
					"$(inherited)",
					"@executable_path/Frameworks",
				);
				MARKETING_VERSION = 1.0;
				PRODUCT_BUNDLE_IDENTIFIER = com.selcuk.EbisconTask;
				PRODUCT_NAME = "$(TARGET_NAME)";
				SWIFT_EMIT_LOC_STRINGS = YES;
				SWIFT_VERSION = 5.0;
				TARGETED_DEVICE_FAMILY = "1,2";
			};
			name = Release;
		};
		6B5FAB162992040E0058733C /* Debug */ = {
			isa = XCBuildConfiguration;
			buildSettings = {
				ALWAYS_EMBED_SWIFT_STANDARD_LIBRARIES = YES;
				BUNDLE_LOADER = "$(TEST_HOST)";
				CODE_SIGN_STYLE = Automatic;
				CURRENT_PROJECT_VERSION = 1;
				GENERATE_INFOPLIST_FILE = YES;
				IPHONEOS_DEPLOYMENT_TARGET = 16.1;
				MARKETING_VERSION = 1.0;
				PRODUCT_BUNDLE_IDENTIFIER = com.selcuk.EbisconTaskTests;
				PRODUCT_NAME = "$(TARGET_NAME)";
				SWIFT_EMIT_LOC_STRINGS = NO;
				SWIFT_VERSION = 5.0;
				TARGETED_DEVICE_FAMILY = "1,2";
				TEST_HOST = "$(BUILT_PRODUCTS_DIR)/EbisconTask.app/$(BUNDLE_EXECUTABLE_FOLDER_PATH)/EbisconTask";
			};
			name = Debug;
		};
		6B5FAB172992040E0058733C /* Release */ = {
			isa = XCBuildConfiguration;
			buildSettings = {
				ALWAYS_EMBED_SWIFT_STANDARD_LIBRARIES = YES;
				BUNDLE_LOADER = "$(TEST_HOST)";
				CODE_SIGN_STYLE = Automatic;
				CURRENT_PROJECT_VERSION = 1;
				GENERATE_INFOPLIST_FILE = YES;
				IPHONEOS_DEPLOYMENT_TARGET = 16.1;
				MARKETING_VERSION = 1.0;
				PRODUCT_BUNDLE_IDENTIFIER = com.selcuk.EbisconTaskTests;
				PRODUCT_NAME = "$(TARGET_NAME)";
				SWIFT_EMIT_LOC_STRINGS = NO;
				SWIFT_VERSION = 5.0;
				TARGETED_DEVICE_FAMILY = "1,2";
				TEST_HOST = "$(BUILT_PRODUCTS_DIR)/EbisconTask.app/$(BUNDLE_EXECUTABLE_FOLDER_PATH)/EbisconTask";
			};
			name = Release;
		};
		6B5FAB192992040E0058733C /* Debug */ = {
			isa = XCBuildConfiguration;
			buildSettings = {
				ALWAYS_EMBED_SWIFT_STANDARD_LIBRARIES = YES;
				CODE_SIGN_STYLE = Automatic;
				CURRENT_PROJECT_VERSION = 1;
				GENERATE_INFOPLIST_FILE = YES;
				MARKETING_VERSION = 1.0;
				PRODUCT_BUNDLE_IDENTIFIER = com.selcuk.EbisconTaskUITests;
				PRODUCT_NAME = "$(TARGET_NAME)";
				SWIFT_EMIT_LOC_STRINGS = NO;
				SWIFT_VERSION = 5.0;
				TARGETED_DEVICE_FAMILY = "1,2";
				TEST_TARGET_NAME = EbisconTask;
			};
			name = Debug;
		};
		6B5FAB1A2992040E0058733C /* Release */ = {
			isa = XCBuildConfiguration;
			buildSettings = {
				ALWAYS_EMBED_SWIFT_STANDARD_LIBRARIES = YES;
				CODE_SIGN_STYLE = Automatic;
				CURRENT_PROJECT_VERSION = 1;
				GENERATE_INFOPLIST_FILE = YES;
				MARKETING_VERSION = 1.0;
				PRODUCT_BUNDLE_IDENTIFIER = com.selcuk.EbisconTaskUITests;
				PRODUCT_NAME = "$(TARGET_NAME)";
				SWIFT_EMIT_LOC_STRINGS = NO;
				SWIFT_VERSION = 5.0;
				TARGETED_DEVICE_FAMILY = "1,2";
				TEST_TARGET_NAME = EbisconTask;
			};
			name = Release;
		};
/* End XCBuildConfiguration section */

/* Begin XCConfigurationList section */
		6B5FAAE32992040D0058733C /* Build configuration list for PBXProject "EbisconTask" */ = {
			isa = XCConfigurationList;
			buildConfigurations = (
				6B5FAB102992040E0058733C /* Debug */,
				6B5FAB112992040E0058733C /* Release */,
			);
			defaultConfigurationIsVisible = 0;
			defaultConfigurationName = Release;
		};
		6B5FAB122992040E0058733C /* Build configuration list for PBXNativeTarget "EbisconTask" */ = {
			isa = XCConfigurationList;
			buildConfigurations = (
				6B5FAB132992040E0058733C /* Debug */,
				6B5FAB142992040E0058733C /* Release */,
			);
			defaultConfigurationIsVisible = 0;
			defaultConfigurationName = Release;
		};
		6B5FAB152992040E0058733C /* Build configuration list for PBXNativeTarget "EbisconTaskTests" */ = {
			isa = XCConfigurationList;
			buildConfigurations = (
				6B5FAB162992040E0058733C /* Debug */,
				6B5FAB172992040E0058733C /* Release */,
			);
			defaultConfigurationIsVisible = 0;
			defaultConfigurationName = Release;
		};
		6B5FAB182992040E0058733C /* Build configuration list for PBXNativeTarget "EbisconTaskUITests" */ = {
			isa = XCConfigurationList;
			buildConfigurations = (
				6B5FAB192992040E0058733C /* Debug */,
				6B5FAB1A2992040E0058733C /* Release */,
			);
			defaultConfigurationIsVisible = 0;
			defaultConfigurationName = Release;
		};
/* End XCConfigurationList section */
	};
	rootObject = 6B5FAAE02992040D0058733C /* Project object */;
}
